
Microsoft Visual Studio Solution File, Format Version 12.00
# Visual Studio Version 16
VisualStudioVersion = 16.0.31205.134
MinimumVisualStudioVersion = 10.0.40219.1
Project("{FAE04EC0-301F-11D3-BF4B-00C04F79EFBC}") = "OmerOzkan.ToDo.Business", "OmerOzkan.ToDo.Business\OmerOzkan.ToDo.Business.csproj", "{F512F1E0-7870-4D91-B2B0-76038B08656B}"
EndProject
Project("{FAE04EC0-301F-11D3-BF4B-00C04F79EFBC}") = "OmerOzkan.ToDo.DataAccess", "OmerOzkan.ToDo.DataAccess\OmerOzkan.ToDo.DataAccess.csproj", "{FDF89A75-D6BE-40F5-88EB-15B8EC89831A}"
EndProject
Project("{FAE04EC0-301F-11D3-BF4B-00C04F79EFBC}") = "OmerOzkan.ToDo.Data", "OmerOzkan.ToDo.Data\OmerOzkan.ToDo.Data.csproj", "{4A9FE960-1A2F-4903-9D05-B678D4FB4A89}"
EndProject
Project("{FAE04EC0-301F-11D3-BF4B-00C04F79EFBC}") = "OmerOzkan.ToDo.Web", "OmerOzkan.ToDo.Web\OmerOzkan.ToDo.Web.csproj", "{8E2AD8E2-2130-4E5B-BDCE-D6908CE0FE40}"
EndProject
Global
	GlobalSection(SolutionConfigurationPlatforms) = preSolution
		Debug|Any CPU = Debug|Any CPU
		Release|Any CPU = Release|Any CPU
	EndGlobalSection
	GlobalSection(ProjectConfigurationPlatforms) = postSolution
		{F512F1E0-7870-4D91-B2B0-76038B08656B}.Debug|Any CPU.ActiveCfg = Debug|Any CPU
		{F512F1E0-7870-4D91-B2B0-76038B08656B}.Debug|Any CPU.Build.0 = Debug|Any CPU
		{F512F1E0-7870-4D91-B2B0-76038B08656B}.Release|Any CPU.ActiveCfg = Release|Any CPU
		{F512F1E0-7870-4D91-B2B0-76038B08656B}.Release|Any CPU.Build.0 = Release|Any CPU
		{FDF89A75-D6BE-40F5-88EB-15B8EC89831A}.Debug|Any CPU.ActiveCfg = Debug|Any CPU
		{FDF89A75-D6BE-40F5-88EB-15B8EC89831A}.Debug|Any CPU.Build.0 = Debug|Any CPU
		{FDF89A75-D6BE-40F5-88EB-15B8EC89831A}.Release|Any CPU.ActiveCfg = Release|Any CPU
		{FDF89A75-D6BE-40F5-88EB-15B8EC89831A}.Release|Any CPU.Build.0 = Release|Any CPU
		{4A9FE960-1A2F-4903-9D05-B678D4FB4A89}.Debug|Any CPU.ActiveCfg = Debug|Any CPU
		{4A9FE960-1A2F-4903-9D05-B678D4FB4A89}.Debug|Any CPU.Build.0 = Debug|Any CPU
		{4A9FE960-1A2F-4903-9D05-B678D4FB4A89}.Release|Any CPU.ActiveCfg = Release|Any CPU
		{4A9FE960-1A2F-4903-9D05-B678D4FB4A89}.Release|Any CPU.Build.0 = Release|Any CPU
		{8E2AD8E2-2130-4E5B-BDCE-D6908CE0FE40}.Debug|Any CPU.ActiveCfg = Debug|Any CPU
		{8E2AD8E2-2130-4E5B-BDCE-D6908CE0FE40}.Debug|Any CPU.Build.0 = Debug|Any CPU
		{8E2AD8E2-2130-4E5B-BDCE-D6908CE0FE40}.Release|Any CPU.ActiveCfg = Release|Any CPU
		{8E2AD8E2-2130-4E5B-BDCE-D6908CE0FE40}.Release|Any CPU.Build.0 = Release|Any CPU
	EndGlobalSection
	GlobalSection(SolutionProperties) = preSolution
		HideSolutionNode = FALSE
	EndGlobalSection
	GlobalSection(ExtensibilityGlobals) = postSolution
		SolutionGuid = {E82D90FB-5C24-438E-B365-F67BE01CF176}
	EndGlobalSection
EndGlobal
