
Microsoft Visual Studio Solution File, Format Version 12.00
# Visual Studio Version 16
VisualStudioVersion = 16.0.29905.134
MinimumVisualStudioVersion = 10.0.40219.1
Project("{9A19103F-16F7-4668-BE54-9A1E7A4F7556}") = "YSKProje.ToDo.DataAccess", "YSKProje.ToDo.DataAccess\YSKProje.ToDo.DataAccess.csproj", "{3843EB03-3E26-4545-86FE-72AD16E3381E}"
EndProject
Project("{9A19103F-16F7-4668-BE54-9A1E7A4F7556}") = "YSKProje.ToDo.Business", "YSKProje.ToDo.Business\YSKProje.ToDo.Business.csproj", "{A4724538-D8DF-4B1F-8E5B-0429D6D92ABE}"
EndProject
Project("{9A19103F-16F7-4668-BE54-9A1E7A4F7556}") = "YSKProje.ToDo.Entities", "YSKProje.ToDo.Entities\YSKProje.ToDo.Entities.csproj", "{A8CFAC77-7F09-4AE3-A4CC-5B1BE2BAE2EF}"
EndProject
Project("{9A19103F-16F7-4668-BE54-9A1E7A4F7556}") = "YSKProje.ToDo.Web", "YSKProje.ToDo.Web\YSKProje.ToDo.Web.csproj", "{6E7D1F4A-9E1D-40B4-89F8-28CD1F49EC27}"
EndProject
Project("{FAE04EC0-301F-11D3-BF4B-00C04F79EFBC}") = "YSKProje.ToDo.DTO", "YSKProje.ToDo.DTO\YSKProje.ToDo.DTO.csproj", "{F327AEE2-998E-4121-B63D-AFE9CA7CF075}"
EndProject
Global
	GlobalSection(SolutionConfigurationPlatforms) = preSolution
		Debug|Any CPU = Debug|Any CPU
		Release|Any CPU = Release|Any CPU
	EndGlobalSection
	GlobalSection(ProjectConfigurationPlatforms) = postSolution
		{3843EB03-3E26-4545-86FE-72AD16E3381E}.Debug|Any CPU.ActiveCfg = Debug|Any CPU
		{3843EB03-3E26-4545-86FE-72AD16E3381E}.Debug|Any CPU.Build.0 = Debug|Any CPU
		{3843EB03-3E26-4545-86FE-72AD16E3381E}.Release|Any CPU.ActiveCfg = Release|Any CPU
		{3843EB03-3E26-4545-86FE-72AD16E3381E}.Release|Any CPU.Build.0 = Release|Any CPU
		{A4724538-D8DF-4B1F-8E5B-0429D6D92ABE}.Debug|Any CPU.ActiveCfg = Debug|Any CPU
		{A4724538-D8DF-4B1F-8E5B-0429D6D92ABE}.Debug|Any CPU.Build.0 = Debug|Any CPU
		{A4724538-D8DF-4B1F-8E5B-0429D6D92ABE}.Release|Any CPU.ActiveCfg = Release|Any CPU
		{A4724538-D8DF-4B1F-8E5B-0429D6D92ABE}.Release|Any CPU.Build.0 = Release|Any CPU
		{A8CFAC77-7F09-4AE3-A4CC-5B1BE2BAE2EF}.Debug|Any CPU.ActiveCfg = Debug|Any CPU
		{A8CFAC77-7F09-4AE3-A4CC-5B1BE2BAE2EF}.Debug|Any CPU.Build.0 = Debug|Any CPU
		{A8CFAC77-7F09-4AE3-A4CC-5B1BE2BAE2EF}.Release|Any CPU.ActiveCfg = Release|Any CPU
		{A8CFAC77-7F09-4AE3-A4CC-5B1BE2BAE2EF}.Release|Any CPU.Build.0 = Release|Any CPU
		{6E7D1F4A-9E1D-40B4-89F8-28CD1F49EC27}.Debug|Any CPU.ActiveCfg = Debug|Any CPU
		{6E7D1F4A-9E1D-40B4-89F8-28CD1F49EC27}.Debug|Any CPU.Build.0 = Debug|Any CPU
		{6E7D1F4A-9E1D-40B4-89F8-28CD1F49EC27}.Release|Any CPU.ActiveCfg = Release|Any CPU
		{6E7D1F4A-9E1D-40B4-89F8-28CD1F49EC27}.Release|Any CPU.Build.0 = Release|Any CPU
		{F327AEE2-998E-4121-B63D-AFE9CA7CF075}.Debug|Any CPU.ActiveCfg = Debug|Any CPU
		{F327AEE2-998E-4121-B63D-AFE9CA7CF075}.Debug|Any CPU.Build.0 = Debug|Any CPU
		{F327AEE2-998E-4121-B63D-AFE9CA7CF075}.Release|Any CPU.ActiveCfg = Release|Any CPU
		{F327AEE2-998E-4121-B63D-AFE9CA7CF075}.Release|Any CPU.Build.0 = Release|Any CPU
	EndGlobalSection
	GlobalSection(SolutionProperties) = preSolution
		HideSolutionNode = FALSE
	EndGlobalSection
	GlobalSection(ExtensibilityGlobals) = postSolution
		SolutionGuid = {AE1477FF-B8C3-4BFA-BC30-17BD6FBA9AAF}
	EndGlobalSection
EndGlobal
